
Microsoft Visual Studio Solution File, Format Version 12.00
# Visual Studio 15
Project("{FAE04EC0-301F-11D3-BF4B-00C04F79EFBC}") = "Essentials.Android", "Essentials.Android\Essentials.Android.csproj", "{069747BF-C354-4CEB-B9D9-677D3C41CAB4}"
EndProject
Project("{FAE04EC0-301F-11D3-BF4B-00C04F79EFBC}") = "Essentials.iOS", "Essentials.iOS\Essentials.iOS.csproj", "{27BF3256-7A18-48F6-8267-22A6365C82E4}"
EndProject
Project("{FAE04EC0-301F-11D3-BF4B-00C04F79EFBC}") = "Essentials", "Essentials\Essentials.csproj", "{39BDE20A-773C-4B76-9DF0-C6131EC184D8}"
EndProject
Global
	GlobalSection(SolutionConfigurationPlatforms) = preSolution
		Debug|Any CPU = Debug|Any CPU
		Release|Any CPU = Release|Any CPU
		Debug|iPhoneSimulator = Debug|iPhoneSimulator
		Release|iPhoneSimulator = Release|iPhoneSimulator
		Debug|iPhone = Debug|iPhone
		Release|iPhone = Release|iPhone
	EndGlobalSection
	GlobalSection(ProjectConfigurationPlatforms) = postSolution
		{069747BF-C354-4CEB-B9D9-677D3C41CAB4}.Debug|Any CPU.ActiveCfg = Debug|Any CPU
		{069747BF-C354-4CEB-B9D9-677D3C41CAB4}.Debug|Any CPU.Build.0 = Debug|Any CPU
		{069747BF-C354-4CEB-B9D9-677D3C41CAB4}.Release|Any CPU.ActiveCfg = Release|Any CPU
		{069747BF-C354-4CEB-B9D9-677D3C41CAB4}.Release|Any CPU.Build.0 = Release|Any CPU
		{069747BF-C354-4CEB-B9D9-677D3C41CAB4}.Debug|iPhoneSimulator.ActiveCfg = Debug|Any CPU
		{069747BF-C354-4CEB-B9D9-677D3C41CAB4}.Debug|iPhoneSimulator.Build.0 = Debug|Any CPU
		{069747BF-C354-4CEB-B9D9-677D3C41CAB4}.Release|iPhoneSimulator.ActiveCfg = Release|Any CPU
		{069747BF-C354-4CEB-B9D9-677D3C41CAB4}.Release|iPhoneSimulator.Build.0 = Release|Any CPU
		{069747BF-C354-4CEB-B9D9-677D3C41CAB4}.Debug|iPhone.ActiveCfg = Debug|Any CPU
		{069747BF-C354-4CEB-B9D9-677D3C41CAB4}.Debug|iPhone.Build.0 = Debug|Any CPU
		{069747BF-C354-4CEB-B9D9-677D3C41CAB4}.Release|iPhone.ActiveCfg = Release|Any CPU
		{069747BF-C354-4CEB-B9D9-677D3C41CAB4}.Release|iPhone.Build.0 = Release|Any CPU
		{27BF3256-7A18-48F6-8267-22A6365C82E4}.Debug|Any CPU.ActiveCfg = Debug|iPhoneSimulator
		{27BF3256-7A18-48F6-8267-22A6365C82E4}.Debug|Any CPU.Build.0 = Debug|iPhoneSimulator
		{27BF3256-7A18-48F6-8267-22A6365C82E4}.Release|Any CPU.ActiveCfg = Release|iPhoneSimulator
		{27BF3256-7A18-48F6-8267-22A6365C82E4}.Release|Any CPU.Build.0 = Release|iPhoneSimulator
		{27BF3256-7A18-48F6-8267-22A6365C82E4}.Debug|iPhoneSimulator.ActiveCfg = Debug|iPhoneSimulator
		{27BF3256-7A18-48F6-8267-22A6365C82E4}.Debug|iPhoneSimulator.Build.0 = Debug|iPhoneSimulator
		{27BF3256-7A18-48F6-8267-22A6365C82E4}.Release|iPhoneSimulator.ActiveCfg = Release|iPhoneSimulator
		{27BF3256-7A18-48F6-8267-22A6365C82E4}.Release|iPhoneSimulator.Build.0 = Release|iPhoneSimulator
		{27BF3256-7A18-48F6-8267-22A6365C82E4}.Debug|iPhone.ActiveCfg = Debug|iPhone
		{27BF3256-7A18-48F6-8267-22A6365C82E4}.Debug|iPhone.Build.0 = Debug|iPhone
		{27BF3256-7A18-48F6-8267-22A6365C82E4}.Release|iPhone.ActiveCfg = Release|iPhone
		{27BF3256-7A18-48F6-8267-22A6365C82E4}.Release|iPhone.Build.0 = Release|iPhone
		{39BDE20A-773C-4B76-9DF0-C6131EC184D8}.Debug|Any CPU.ActiveCfg = Debug|Any CPU
		{39BDE20A-773C-4B76-9DF0-C6131EC184D8}.Debug|Any CPU.Build.0 = Debug|Any CPU
		{39BDE20A-773C-4B76-9DF0-C6131EC184D8}.Release|Any CPU.ActiveCfg = Release|Any CPU
		{39BDE20A-773C-4B76-9DF0-C6131EC184D8}.Release|Any CPU.Build.0 = Release|Any CPU
		{39BDE20A-773C-4B76-9DF0-C6131EC184D8}.Debug|iPhoneSimulator.ActiveCfg = Debug|Any CPU
		{39BDE20A-773C-4B76-9DF0-C6131EC184D8}.Debug|iPhoneSimulator.Build.0 = Debug|Any CPU
		{39BDE20A-773C-4B76-9DF0-C6131EC184D8}.Release|iPhoneSimulator.ActiveCfg = Release|Any CPU
		{39BDE20A-773C-4B76-9DF0-C6131EC184D8}.Release|iPhoneSimulator.Build.0 = Release|Any CPU
		{39BDE20A-773C-4B76-9DF0-C6131EC184D8}.Debug|iPhone.ActiveCfg = Debug|Any CPU
		{39BDE20A-773C-4B76-9DF0-C6131EC184D8}.Debug|iPhone.Build.0 = Debug|Any CPU
		{39BDE20A-773C-4B76-9DF0-C6131EC184D8}.Release|iPhone.ActiveCfg = Release|Any CPU
		{39BDE20A-773C-4B76-9DF0-C6131EC184D8}.Release|iPhone.Build.0 = Release|Any CPU
	EndGlobalSection
EndGlobal
